
Microsoft Visual Studio Solution File, Format Version 12.00
# Visual Studio Version 16
VisualStudioVersion = 16.0.32413.511
MinimumVisualStudioVersion = 10.0.40219.1
Project("{F184B08F-C81C-45F6-A57F-5ABD9991F28F}") = "SSWLib", "SSWLib\SSWLib.vbproj", "{F82F8BE5-A948-4CDA-A7EA-C73B204115C0}"
EndProject
Project("{2150E333-8FDC-42A3-9474-1A3956D46DE8}") = "3rd", "3rd", "{FC8BC766-EC9C-45E8-8D2D-7CAD67F6B50E}"
	ProjectSection(SolutionItems) = preProject
		3rd\COILcalc.dll = 3rd\COILcalc.dll
	EndProjectSection
EndProject
Project("{FAE04EC0-301F-11D3-BF4B-00C04F79EFBC}") = "SSW", "SSW\SSW.csproj", "{C1D4FD86-A1FA-4F7C-9BEC-E96F5F5D95D4}"
EndProject
Global
	GlobalSection(SolutionConfigurationPlatforms) = preSolution
		AC|Any CPU = AC|Any CPU
		AC|x86 = AC|x86
		AL|Any CPU = AL|Any CPU
		AL|x86 = AL|x86
		AV|Any CPU = AV|Any CPU
		AV|x86 = AV|x86
		CL|Any CPU = CL|Any CPU
		CL|x86 = CL|x86
		CV|Any CPU = CV|Any CPU
		CV|x86 = CV|x86
		DAN|Any CPU = DAN|Any CPU
		DAN|x86 = DAN|x86
		Debug|Any CPU = Debug|Any CPU
		Debug|x86 = Debug|x86
		FA|Any CPU = FA|Any CPU
		FA|x86 = FA|x86
		FAI|Any CPU = FAI|Any CPU
		FAI|x86 = FAI|x86
		FS|Any CPU = FS|Any CPU
		FS|x86 = FS|x86
		FT|Any CPU = FT|Any CPU
		FT|x86 = FT|x86
		IN|Any CPU = IN|Any CPU
		IN|x86 = IN|x86
		NL|Any CPU = NL|Any CPU
		NL|x86 = NL|x86
		Release|Any CPU = Release|Any CPU
		Release|x86 = Release|x86
		SIG|Any CPU = SIG|Any CPU
		SIG|x86 = SIG|x86
		SKL|Any CPU = SKL|Any CPU
		SKL|x86 = SKL|x86
		SU|Any CPU = SU|Any CPU
		SU|x86 = SU|x86
		WE|Any CPU = WE|Any CPU
		WE|x86 = WE|x86
	EndGlobalSection
	GlobalSection(ProjectConfigurationPlatforms) = postSolution
		{F82F8BE5-A948-4CDA-A7EA-C73B204115C0}.AC|Any CPU.ActiveCfg = Release|Any CPU
		{F82F8BE5-A948-4CDA-A7EA-C73B204115C0}.AC|Any CPU.Build.0 = Release|Any CPU
		{F82F8BE5-A948-4CDA-A7EA-C73B204115C0}.AC|x86.ActiveCfg = Release|x86
		{F82F8BE5-A948-4CDA-A7EA-C73B204115C0}.AC|x86.Build.0 = Release|x86
		{F82F8BE5-A948-4CDA-A7EA-C73B204115C0}.AL|Any CPU.ActiveCfg = Release|Any CPU
		{F82F8BE5-A948-4CDA-A7EA-C73B204115C0}.AL|Any CPU.Build.0 = Release|Any CPU
		{F82F8BE5-A948-4CDA-A7EA-C73B204115C0}.AL|x86.ActiveCfg = Release|x86
		{F82F8BE5-A948-4CDA-A7EA-C73B204115C0}.AL|x86.Build.0 = Release|x86
		{F82F8BE5-A948-4CDA-A7EA-C73B204115C0}.AV|Any CPU.ActiveCfg = Release|Any CPU
		{F82F8BE5-A948-4CDA-A7EA-C73B204115C0}.AV|Any CPU.Build.0 = Release|Any CPU
		{F82F8BE5-A948-4CDA-A7EA-C73B204115C0}.AV|x86.ActiveCfg = Release|x86
		{F82F8BE5-A948-4CDA-A7EA-C73B204115C0}.AV|x86.Build.0 = Release|x86
		{F82F8BE5-A948-4CDA-A7EA-C73B204115C0}.CL|Any CPU.ActiveCfg = Release|Any CPU
		{F82F8BE5-A948-4CDA-A7EA-C73B204115C0}.CL|Any CPU.Build.0 = Release|Any CPU
		{F82F8BE5-A948-4CDA-A7EA-C73B204115C0}.CL|x86.ActiveCfg = Release|x86
		{F82F8BE5-A948-4CDA-A7EA-C73B204115C0}.CL|x86.Build.0 = Release|x86
		{F82F8BE5-A948-4CDA-A7EA-C73B204115C0}.CV|Any CPU.ActiveCfg = Release|Any CPU
		{F82F8BE5-A948-4CDA-A7EA-C73B204115C0}.CV|Any CPU.Build.0 = Release|Any CPU
		{F82F8BE5-A948-4CDA-A7EA-C73B204115C0}.CV|x86.ActiveCfg = Release|x86
		{F82F8BE5-A948-4CDA-A7EA-C73B204115C0}.CV|x86.Build.0 = Release|x86
		{F82F8BE5-A948-4CDA-A7EA-C73B204115C0}.DAN|Any CPU.ActiveCfg = Debug|Any CPU
		{F82F8BE5-A948-4CDA-A7EA-C73B204115C0}.DAN|Any CPU.Build.0 = Debug|Any CPU
		{F82F8BE5-A948-4CDA-A7EA-C73B204115C0}.DAN|x86.ActiveCfg = Release|x86
		{F82F8BE5-A948-4CDA-A7EA-C73B204115C0}.DAN|x86.Build.0 = Release|x86
		{F82F8BE5-A948-4CDA-A7EA-C73B204115C0}.Debug|Any CPU.ActiveCfg = Debug|Any CPU
		{F82F8BE5-A948-4CDA-A7EA-C73B204115C0}.Debug|Any CPU.Build.0 = Debug|Any CPU
		{F82F8BE5-A948-4CDA-A7EA-C73B204115C0}.Debug|x86.ActiveCfg = Debug|x86
		{F82F8BE5-A948-4CDA-A7EA-C73B204115C0}.Debug|x86.Build.0 = Debug|x86
		{F82F8BE5-A948-4CDA-A7EA-C73B204115C0}.FA|Any CPU.ActiveCfg = Release|Any CPU
		{F82F8BE5-A948-4CDA-A7EA-C73B204115C0}.FA|Any CPU.Build.0 = Release|Any CPU
		{F82F8BE5-A948-4CDA-A7EA-C73B204115C0}.FA|x86.ActiveCfg = Release|x86
		{F82F8BE5-A948-4CDA-A7EA-C73B204115C0}.FA|x86.Build.0 = Release|x86
		{F82F8BE5-A948-4CDA-A7EA-C73B204115C0}.FAI|Any CPU.ActiveCfg = Release|Any CPU
		{F82F8BE5-A948-4CDA-A7EA-C73B204115C0}.FAI|Any CPU.Build.0 = Release|Any CPU
		{F82F8BE5-A948-4CDA-A7EA-C73B204115C0}.FAI|x86.ActiveCfg = Release|x86
		{F82F8BE5-A948-4CDA-A7EA-C73B204115C0}.FAI|x86.Build.0 = Release|x86
		{F82F8BE5-A948-4CDA-A7EA-C73B204115C0}.FS|Any CPU.ActiveCfg = Release|Any CPU
		{F82F8BE5-A948-4CDA-A7EA-C73B204115C0}.FS|Any CPU.Build.0 = Release|Any CPU
		{F82F8BE5-A948-4CDA-A7EA-C73B204115C0}.FS|x86.ActiveCfg = Release|x86
		{F82F8BE5-A948-4CDA-A7EA-C73B204115C0}.FS|x86.Build.0 = Release|x86
		{F82F8BE5-A948-4CDA-A7EA-C73B204115C0}.FT|Any CPU.ActiveCfg = Release|Any CPU
		{F82F8BE5-A948-4CDA-A7EA-C73B204115C0}.FT|Any CPU.Build.0 = Release|Any CPU
		{F82F8BE5-A948-4CDA-A7EA-C73B204115C0}.FT|x86.ActiveCfg = Release|x86
		{F82F8BE5-A948-4CDA-A7EA-C73B204115C0}.FT|x86.Build.0 = Release|x86
		{F82F8BE5-A948-4CDA-A7EA-C73B204115C0}.IN|Any CPU.ActiveCfg = IN|Any CPU
		{F82F8BE5-A948-4CDA-A7EA-C73B204115C0}.IN|Any CPU.Build.0 = IN|Any CPU
		{F82F8BE5-A948-4CDA-A7EA-C73B204115C0}.IN|x86.ActiveCfg = IN|x86
		{F82F8BE5-A948-4CDA-A7EA-C73B204115C0}.IN|x86.Build.0 = IN|x86
		{F82F8BE5-A948-4CDA-A7EA-C73B204115C0}.NL|Any CPU.ActiveCfg = Release|Any CPU
		{F82F8BE5-A948-4CDA-A7EA-C73B204115C0}.NL|Any CPU.Build.0 = Release|Any CPU
		{F82F8BE5-A948-4CDA-A7EA-C73B204115C0}.NL|x86.ActiveCfg = Release|x86
		{F82F8BE5-A948-4CDA-A7EA-C73B204115C0}.NL|x86.Build.0 = Release|x86
		{F82F8BE5-A948-4CDA-A7EA-C73B204115C0}.Release|Any CPU.ActiveCfg = Release|Any CPU
		{F82F8BE5-A948-4CDA-A7EA-C73B204115C0}.Release|Any CPU.Build.0 = Release|Any CPU
		{F82F8BE5-A948-4CDA-A7EA-C73B204115C0}.Release|x86.ActiveCfg = Release|x86
		{F82F8BE5-A948-4CDA-A7EA-C73B204115C0}.Release|x86.Build.0 = Release|x86
		{F82F8BE5-A948-4CDA-A7EA-C73B204115C0}.SIG|Any CPU.ActiveCfg = Release|Any CPU
		{F82F8BE5-A948-4CDA-A7EA-C73B204115C0}.SIG|Any CPU.Build.0 = Release|Any CPU
		{F82F8BE5-A948-4CDA-A7EA-C73B204115C0}.SIG|x86.ActiveCfg = Release|x86
		{F82F8BE5-A948-4CDA-A7EA-C73B204115C0}.SIG|x86.Build.0 = Release|x86
		{F82F8BE5-A948-4CDA-A7EA-C73B204115C0}.SKL|Any CPU.ActiveCfg = Release|Any CPU
		{F82F8BE5-A948-4CDA-A7EA-C73B204115C0}.SKL|Any CPU.Build.0 = Release|Any CPU
		{F82F8BE5-A948-4CDA-A7EA-C73B204115C0}.SKL|x86.ActiveCfg = Release|x86
		{F82F8BE5-A948-4CDA-A7EA-C73B204115C0}.SKL|x86.Build.0 = Release|x86
		{F82F8BE5-A948-4CDA-A7EA-C73B204115C0}.SU|Any CPU.ActiveCfg = Release|Any CPU
		{F82F8BE5-A948-4CDA-A7EA-C73B204115C0}.SU|Any CPU.Build.0 = Release|Any CPU
		{F82F8BE5-A948-4CDA-A7EA-C73B204115C0}.SU|x86.ActiveCfg = Release|x86
		{F82F8BE5-A948-4CDA-A7EA-C73B204115C0}.SU|x86.Build.0 = Release|x86
		{F82F8BE5-A948-4CDA-A7EA-C73B204115C0}.WE|Any CPU.ActiveCfg = Release|Any CPU
		{F82F8BE5-A948-4CDA-A7EA-C73B204115C0}.WE|Any CPU.Build.0 = Release|Any CPU
		{F82F8BE5-A948-4CDA-A7EA-C73B204115C0}.WE|x86.ActiveCfg = Release|x86
		{F82F8BE5-A948-4CDA-A7EA-C73B204115C0}.WE|x86.Build.0 = Release|x86
		{C1D4FD86-A1FA-4F7C-9BEC-E96F5F5D95D4}.AC|Any CPU.ActiveCfg = AC|x86
		{C1D4FD86-A1FA-4F7C-9BEC-E96F5F5D95D4}.AC|x86.ActiveCfg = AC|x86
		{C1D4FD86-A1FA-4F7C-9BEC-E96F5F5D95D4}.AC|x86.Build.0 = AC|x86
		{C1D4FD86-A1FA-4F7C-9BEC-E96F5F5D95D4}.AL|Any CPU.ActiveCfg = AL|x86
		{C1D4FD86-A1FA-4F7C-9BEC-E96F5F5D95D4}.AL|x86.ActiveCfg = AL|x86
		{C1D4FD86-A1FA-4F7C-9BEC-E96F5F5D95D4}.AL|x86.Build.0 = AL|x86
		{C1D4FD86-A1FA-4F7C-9BEC-E96F5F5D95D4}.AV|Any CPU.ActiveCfg = AV|x86
		{C1D4FD86-A1FA-4F7C-9BEC-E96F5F5D95D4}.AV|x86.ActiveCfg = AV|x86
		{C1D4FD86-A1FA-4F7C-9BEC-E96F5F5D95D4}.AV|x86.Build.0 = AV|x86
		{C1D4FD86-A1FA-4F7C-9BEC-E96F5F5D95D4}.CL|Any CPU.ActiveCfg = CL|x86
		{C1D4FD86-A1FA-4F7C-9BEC-E96F5F5D95D4}.CL|x86.ActiveCfg = CL|x86
		{C1D4FD86-A1FA-4F7C-9BEC-E96F5F5D95D4}.CL|x86.Build.0 = CL|x86
		{C1D4FD86-A1FA-4F7C-9BEC-E96F5F5D95D4}.CV|Any CPU.ActiveCfg = CV|x86
		{C1D4FD86-A1FA-4F7C-9BEC-E96F5F5D95D4}.CV|x86.ActiveCfg = CV|x86
		{C1D4FD86-A1FA-4F7C-9BEC-E96F5F5D95D4}.CV|x86.Build.0 = CV|x86
		{C1D4FD86-A1FA-4F7C-9BEC-E96F5F5D95D4}.DAN|Any CPU.ActiveCfg = DAN|x86
		{C1D4FD86-A1FA-4F7C-9BEC-E96F5F5D95D4}.DAN|x86.ActiveCfg = DAN|x86
		{C1D4FD86-A1FA-4F7C-9BEC-E96F5F5D95D4}.DAN|x86.Build.0 = DAN|x86
		{C1D4FD86-A1FA-4F7C-9BEC-E96F5F5D95D4}.Debug|Any CPU.ActiveCfg = Debug|x86
		{C1D4FD86-A1FA-4F7C-9BEC-E96F5F5D95D4}.Debug|x86.ActiveCfg = Debug|x86
		{C1D4FD86-A1FA-4F7C-9BEC-E96F5F5D95D4}.Debug|x86.Build.0 = Debug|x86
		{C1D4FD86-A1FA-4F7C-9BEC-E96F5F5D95D4}.FA|Any CPU.ActiveCfg = FA|x86
		{C1D4FD86-A1FA-4F7C-9BEC-E96F5F5D95D4}.FA|x86.ActiveCfg = FA|x86
		{C1D4FD86-A1FA-4F7C-9BEC-E96F5F5D95D4}.FA|x86.Build.0 = FA|x86
		{C1D4FD86-A1FA-4F7C-9BEC-E96F5F5D95D4}.FAI|Any CPU.ActiveCfg = FAI|x86
		{C1D4FD86-A1FA-4F7C-9BEC-E96F5F5D95D4}.FAI|x86.ActiveCfg = FAI|x86
		{C1D4FD86-A1FA-4F7C-9BEC-E96F5F5D95D4}.FAI|x86.Build.0 = FAI|x86
		{C1D4FD86-A1FA-4F7C-9BEC-E96F5F5D95D4}.FS|Any CPU.ActiveCfg = FS|x86
		{C1D4FD86-A1FA-4F7C-9BEC-E96F5F5D95D4}.FS|x86.ActiveCfg = FS|x86
		{C1D4FD86-A1FA-4F7C-9BEC-E96F5F5D95D4}.FS|x86.Build.0 = FS|x86
		{C1D4FD86-A1FA-4F7C-9BEC-E96F5F5D95D4}.FT|Any CPU.ActiveCfg = FT|x86
		{C1D4FD86-A1FA-4F7C-9BEC-E96F5F5D95D4}.FT|x86.ActiveCfg = FT|x86
		{C1D4FD86-A1FA-4F7C-9BEC-E96F5F5D95D4}.FT|x86.Build.0 = FT|x86
		{C1D4FD86-A1FA-4F7C-9BEC-E96F5F5D95D4}.IN|Any CPU.ActiveCfg = IN|x86
		{C1D4FD86-A1FA-4F7C-9BEC-E96F5F5D95D4}.IN|x86.ActiveCfg = IN|x86
		{C1D4FD86-A1FA-4F7C-9BEC-E96F5F5D95D4}.IN|x86.Build.0 = IN|x86
		{C1D4FD86-A1FA-4F7C-9BEC-E96F5F5D95D4}.NL|Any CPU.ActiveCfg = NL|x86
		{C1D4FD86-A1FA-4F7C-9BEC-E96F5F5D95D4}.NL|x86.ActiveCfg = NL|x86
		{C1D4FD86-A1FA-4F7C-9BEC-E96F5F5D95D4}.NL|x86.Build.0 = NL|x86
		{C1D4FD86-A1FA-4F7C-9BEC-E96F5F5D95D4}.Release|Any CPU.ActiveCfg = SU|x86
		{C1D4FD86-A1FA-4F7C-9BEC-E96F5F5D95D4}.Release|Any CPU.Build.0 = SU|x86
		{C1D4FD86-A1FA-4F7C-9BEC-E96F5F5D95D4}.Release|x86.ActiveCfg = WE|x86
		{C1D4FD86-A1FA-4F7C-9BEC-E96F5F5D95D4}.Release|x86.Build.0 = WE|x86
		{C1D4FD86-A1FA-4F7C-9BEC-E96F5F5D95D4}.SIG|Any CPU.ActiveCfg = SIG|x86
		{C1D4FD86-A1FA-4F7C-9BEC-E96F5F5D95D4}.SIG|x86.ActiveCfg = SIG|x86
		{C1D4FD86-A1FA-4F7C-9BEC-E96F5F5D95D4}.SIG|x86.Build.0 = SIG|x86
		{C1D4FD86-A1FA-4F7C-9BEC-E96F5F5D95D4}.SKL|Any CPU.ActiveCfg = SKL|x86
		{C1D4FD86-A1FA-4F7C-9BEC-E96F5F5D95D4}.SKL|x86.ActiveCfg = SKL|x86
		{C1D4FD86-A1FA-4F7C-9BEC-E96F5F5D95D4}.SKL|x86.Build.0 = SKL|x86
		{C1D4FD86-A1FA-4F7C-9BEC-E96F5F5D95D4}.SU|Any CPU.ActiveCfg = SU|x86
		{C1D4FD86-A1FA-4F7C-9BEC-E96F5F5D95D4}.SU|x86.ActiveCfg = SU|x86
		{C1D4FD86-A1FA-4F7C-9BEC-E96F5F5D95D4}.SU|x86.Build.0 = SU|x86
		{C1D4FD86-A1FA-4F7C-9BEC-E96F5F5D95D4}.WE|Any CPU.ActiveCfg = WE|x86
		{C1D4FD86-A1FA-4F7C-9BEC-E96F5F5D95D4}.WE|x86.ActiveCfg = WE|x86
		{C1D4FD86-A1FA-4F7C-9BEC-E96F5F5D95D4}.WE|x86.Build.0 = WE|x86
	EndGlobalSection
	GlobalSection(SolutionProperties) = preSolution
		HideSolutionNode = FALSE
	EndGlobalSection
	GlobalSection(ExtensibilityGlobals) = postSolution
		SolutionGuid = {4746D3F9-5630-49E3-9E01-68A2DFF112AF}
	EndGlobalSection
	GlobalSection(MercurialSourceControlSolutionProperties) = preSolution
		SolutionIsControlled = True
		SolutionBindings = <Solution Location In Database>
	EndGlobalSection
EndGlobal
